
Microsoft Visual Studio Solution File, Format Version 12.00
# Visual Studio 15
VisualStudioVersion = 15.0.27004.2006
MinimumVisualStudioVersion = 10.0.40219.1
Project("{9A19103F-16F7-4668-BE54-9A1E7A4F7556}") = "Disruptor", "Disruptor\Disruptor.csproj", "{7DB1F14A-04BC-482C-BD00-E95DA9ECEDBD}"
EndProject
Project("{9A19103F-16F7-4668-BE54-9A1E7A4F7556}") = "Disruptor.Tests", "Disruptor.Tests\Disruptor.Tests.csproj", "{55AE9C61-65C9-40B6-96BD-4DFAF808A2AA}"
EndProject
Project("{9A19103F-16F7-4668-BE54-9A1E7A4F7556}") = "Disruptor.PerfTests", "Disruptor.PerfTests\Disruptor.PerfTests.csproj", "{08ED3CBE-28AF-4923-825A-B92D665C978F}"
EndProject
Project("{9A19103F-16F7-4668-BE54-9A1E7A4F7556}") = "Disruptor.Benchmarks", "Disruptor.Benchmarks\Disruptor.Benchmarks.csproj", "{5D206341-86CA-4703-9793-C181317A9DA6}"
EndProject
Project("{9A19103F-16F7-4668-BE54-9A1E7A4F7556}") = "Disruptor.HeapWalker", "Disruptor.HeapWalker\Disruptor.HeapWalker.csproj", "{4C9A6FB3-ECD9-4566-810C-0EDBE8B97594}"
EndProject
Global
	GlobalSection(SolutionConfigurationPlatforms) = preSolution
		Debug|Any CPU = Debug|Any CPU
		Debug|Mixed Platforms = Debug|Mixed Platforms
		Debug|x86 = Debug|x86
		Release|Any CPU = Release|Any CPU
		Release|Mixed Platforms = Release|Mixed Platforms
		Release|x86 = Release|x86
	EndGlobalSection
	GlobalSection(ProjectConfigurationPlatforms) = postSolution
		{7DB1F14A-04BC-482C-BD00-E95DA9ECEDBD}.Debug|Any CPU.ActiveCfg = Debug|Any CPU
		{7DB1F14A-04BC-482C-BD00-E95DA9ECEDBD}.Debug|Any CPU.Build.0 = Debug|Any CPU
		{7DB1F14A-04BC-482C-BD00-E95DA9ECEDBD}.Debug|Mixed Platforms.ActiveCfg = Debug|Any CPU
		{7DB1F14A-04BC-482C-BD00-E95DA9ECEDBD}.Debug|Mixed Platforms.Build.0 = Debug|Any CPU
		{7DB1F14A-04BC-482C-BD00-E95DA9ECEDBD}.Debug|x86.ActiveCfg = Debug|Any CPU
		{7DB1F14A-04BC-482C-BD00-E95DA9ECEDBD}.Debug|x86.Build.0 = Debug|Any CPU
		{7DB1F14A-04BC-482C-BD00-E95DA9ECEDBD}.Release|Any CPU.ActiveCfg = Release|Any CPU
		{7DB1F14A-04BC-482C-BD00-E95DA9ECEDBD}.Release|Any CPU.Build.0 = Release|Any CPU
		{7DB1F14A-04BC-482C-BD00-E95DA9ECEDBD}.Release|Mixed Platforms.ActiveCfg = Release|Any CPU
		{7DB1F14A-04BC-482C-BD00-E95DA9ECEDBD}.Release|Mixed Platforms.Build.0 = Release|Any CPU
		{7DB1F14A-04BC-482C-BD00-E95DA9ECEDBD}.Release|x86.ActiveCfg = Release|Any CPU
		{7DB1F14A-04BC-482C-BD00-E95DA9ECEDBD}.Release|x86.Build.0 = Release|Any CPU
		{55AE9C61-65C9-40B6-96BD-4DFAF808A2AA}.Debug|Any CPU.ActiveCfg = Debug|Any CPU
		{55AE9C61-65C9-40B6-96BD-4DFAF808A2AA}.Debug|Any CPU.Build.0 = Debug|Any CPU
		{55AE9C61-65C9-40B6-96BD-4DFAF808A2AA}.Debug|Mixed Platforms.ActiveCfg = Debug|Any CPU
		{55AE9C61-65C9-40B6-96BD-4DFAF808A2AA}.Debug|Mixed Platforms.Build.0 = Debug|Any CPU
		{55AE9C61-65C9-40B6-96BD-4DFAF808A2AA}.Debug|x86.ActiveCfg = Debug|Any CPU
		{55AE9C61-65C9-40B6-96BD-4DFAF808A2AA}.Debug|x86.Build.0 = Debug|Any CPU
		{55AE9C61-65C9-40B6-96BD-4DFAF808A2AA}.Release|Any CPU.ActiveCfg = Release|Any CPU
		{55AE9C61-65C9-40B6-96BD-4DFAF808A2AA}.Release|Any CPU.Build.0 = Release|Any CPU
		{55AE9C61-65C9-40B6-96BD-4DFAF808A2AA}.Release|Mixed Platforms.ActiveCfg = Release|Any CPU
		{55AE9C61-65C9-40B6-96BD-4DFAF808A2AA}.Release|Mixed Platforms.Build.0 = Release|Any CPU
		{55AE9C61-65C9-40B6-96BD-4DFAF808A2AA}.Release|x86.ActiveCfg = Release|Any CPU
		{55AE9C61-65C9-40B6-96BD-4DFAF808A2AA}.Release|x86.Build.0 = Release|Any CPU
		{08ED3CBE-28AF-4923-825A-B92D665C978F}.Debug|Any CPU.ActiveCfg = Debug|Any CPU
		{08ED3CBE-28AF-4923-825A-B92D665C978F}.Debug|Any CPU.Build.0 = Debug|Any CPU
		{08ED3CBE-28AF-4923-825A-B92D665C978F}.Debug|Mixed Platforms.ActiveCfg = Debug|Any CPU
		{08ED3CBE-28AF-4923-825A-B92D665C978F}.Debug|Mixed Platforms.Build.0 = Debug|Any CPU
		{08ED3CBE-28AF-4923-825A-B92D665C978F}.Debug|x86.ActiveCfg = Debug|Any CPU
		{08ED3CBE-28AF-4923-825A-B92D665C978F}.Debug|x86.Build.0 = Debug|Any CPU
		{08ED3CBE-28AF-4923-825A-B92D665C978F}.Release|Any CPU.ActiveCfg = Release|Any CPU
		{08ED3CBE-28AF-4923-825A-B92D665C978F}.Release|Any CPU.Build.0 = Release|Any CPU
		{08ED3CBE-28AF-4923-825A-B92D665C978F}.Release|Mixed Platforms.ActiveCfg = Release|Any CPU
		{08ED3CBE-28AF-4923-825A-B92D665C978F}.Release|Mixed Platforms.Build.0 = Release|Any CPU
		{08ED3CBE-28AF-4923-825A-B92D665C978F}.Release|x86.ActiveCfg = Release|Any CPU
		{08ED3CBE-28AF-4923-825A-B92D665C978F}.Release|x86.Build.0 = Release|Any CPU
		{5D206341-86CA-4703-9793-C181317A9DA6}.Debug|Any CPU.ActiveCfg = Debug|Any CPU
		{5D206341-86CA-4703-9793-C181317A9DA6}.Debug|Any CPU.Build.0 = Debug|Any CPU
		{5D206341-86CA-4703-9793-C181317A9DA6}.Debug|Mixed Platforms.ActiveCfg = Debug|Any CPU
		{5D206341-86CA-4703-9793-C181317A9DA6}.Debug|Mixed Platforms.Build.0 = Debug|Any CPU
		{5D206341-86CA-4703-9793-C181317A9DA6}.Debug|x86.ActiveCfg = Debug|Any CPU
		{5D206341-86CA-4703-9793-C181317A9DA6}.Debug|x86.Build.0 = Debug|Any CPU
		{5D206341-86CA-4703-9793-C181317A9DA6}.Release|Any CPU.ActiveCfg = Release|Any CPU
		{5D206341-86CA-4703-9793-C181317A9DA6}.Release|Any CPU.Build.0 = Release|Any CPU
		{5D206341-86CA-4703-9793-C181317A9DA6}.Release|Mixed Platforms.ActiveCfg = Release|Any CPU
		{5D206341-86CA-4703-9793-C181317A9DA6}.Release|Mixed Platforms.Build.0 = Release|Any CPU
		{5D206341-86CA-4703-9793-C181317A9DA6}.Release|x86.ActiveCfg = Release|Any CPU
		{5D206341-86CA-4703-9793-C181317A9DA6}.Release|x86.Build.0 = Release|Any CPU
		{4C9A6FB3-ECD9-4566-810C-0EDBE8B97594}.Debug|Any CPU.ActiveCfg = Debug|Any CPU
		{4C9A6FB3-ECD9-4566-810C-0EDBE8B97594}.Debug|Any CPU.Build.0 = Debug|Any CPU
		{4C9A6FB3-ECD9-4566-810C-0EDBE8B97594}.Debug|Mixed Platforms.ActiveCfg = Debug|Any CPU
		{4C9A6FB3-ECD9-4566-810C-0EDBE8B97594}.Debug|Mixed Platforms.Build.0 = Debug|Any CPU
		{4C9A6FB3-ECD9-4566-810C-0EDBE8B97594}.Debug|x86.ActiveCfg = Debug|Any CPU
		{4C9A6FB3-ECD9-4566-810C-0EDBE8B97594}.Debug|x86.Build.0 = Debug|Any CPU
		{4C9A6FB3-ECD9-4566-810C-0EDBE8B97594}.Release|Any CPU.ActiveCfg = Release|Any CPU
		{4C9A6FB3-ECD9-4566-810C-0EDBE8B97594}.Release|Any CPU.Build.0 = Release|Any CPU
		{4C9A6FB3-ECD9-4566-810C-0EDBE8B97594}.Release|Mixed Platforms.ActiveCfg = Release|Any CPU
		{4C9A6FB3-ECD9-4566-810C-0EDBE8B97594}.Release|Mixed Platforms.Build.0 = Release|Any CPU
		{4C9A6FB3-ECD9-4566-810C-0EDBE8B97594}.Release|x86.ActiveCfg = Release|Any CPU
		{4C9A6FB3-ECD9-4566-810C-0EDBE8B97594}.Release|x86.Build.0 = Release|Any CPU
	EndGlobalSection
	GlobalSection(SolutionProperties) = preSolution
		HideSolutionNode = FALSE
	EndGlobalSection
	GlobalSection(ExtensibilityGlobals) = postSolution
		SolutionGuid = {0BD8D7A4-B6E3-4A8C-8169-6AFAD475BB90}
	EndGlobalSection
EndGlobal
