
Microsoft Visual Studio Solution File, Format Version 12.00
# Visual Studio 14
VisualStudioVersion = 14.0.25420.1
MinimumVisualStudioVersion = 10.0.40219.1
Project("{FAE04EC0-301F-11D3-BF4B-00C04F79EFBC}") = "Disruptor", "Disruptor\Disruptor.csproj", "{37FBDBE1-8524-4489-B082-CC109B0F5EA3}"
EndProject
Project("{FAE04EC0-301F-11D3-BF4B-00C04F79EFBC}") = "Disruptor.Tests", "Disruptor.Tests\Disruptor.Tests.csproj", "{759BF0BB-D922-4E85-A4C8-2C9F382E0A79}"
EndProject
Project("{FAE04EC0-301F-11D3-BF4B-00C04F79EFBC}") = "Disruptor.PerfTests", "Disruptor.PerfTests\Disruptor.PerfTests.csproj", "{BD103699-F540-40C3-99D7-462F53A9DABC}"
EndProject
Project("{FAE04EC0-301F-11D3-BF4B-00C04F79EFBC}") = "Disruptor.Scheduler", "Disruptor.Scheduler\Disruptor.Scheduler.csproj", "{7B1F3DC3-5DA8-4E36-A03B-837D90D2A51D}"
EndProject
Project("{2150E333-8FDC-42A3-9474-1A3956D46DE8}") = "Tests", "Tests", "{A44B9C7B-781B-4E2B-AA71-FA5A086A6C0F}"
EndProject
Global
	GlobalSection(SolutionConfigurationPlatforms) = preSolution
		Debug|Any CPU = Debug|Any CPU
		Debug|Mixed Platforms = Debug|Mixed Platforms
		Debug|x86 = Debug|x86
		Release|Any CPU = Release|Any CPU
		Release|Mixed Platforms = Release|Mixed Platforms
		Release|x86 = Release|x86
	EndGlobalSection
	GlobalSection(ProjectConfigurationPlatforms) = postSolution
		{37FBDBE1-8524-4489-B082-CC109B0F5EA3}.Debug|Any CPU.ActiveCfg = Debug|Any CPU
		{37FBDBE1-8524-4489-B082-CC109B0F5EA3}.Debug|Any CPU.Build.0 = Debug|Any CPU
		{37FBDBE1-8524-4489-B082-CC109B0F5EA3}.Debug|Mixed Platforms.ActiveCfg = Debug|Any CPU
		{37FBDBE1-8524-4489-B082-CC109B0F5EA3}.Debug|Mixed Platforms.Build.0 = Debug|Any CPU
		{37FBDBE1-8524-4489-B082-CC109B0F5EA3}.Debug|x86.ActiveCfg = Debug|Any CPU
		{37FBDBE1-8524-4489-B082-CC109B0F5EA3}.Release|Any CPU.ActiveCfg = Release|Any CPU
		{37FBDBE1-8524-4489-B082-CC109B0F5EA3}.Release|Any CPU.Build.0 = Release|Any CPU
		{37FBDBE1-8524-4489-B082-CC109B0F5EA3}.Release|Mixed Platforms.ActiveCfg = Release|Any CPU
		{37FBDBE1-8524-4489-B082-CC109B0F5EA3}.Release|Mixed Platforms.Build.0 = Release|Any CPU
		{37FBDBE1-8524-4489-B082-CC109B0F5EA3}.Release|x86.ActiveCfg = Release|Any CPU
		{759BF0BB-D922-4E85-A4C8-2C9F382E0A79}.Debug|Any CPU.ActiveCfg = Debug|Any CPU
		{759BF0BB-D922-4E85-A4C8-2C9F382E0A79}.Debug|Any CPU.Build.0 = Debug|Any CPU
		{759BF0BB-D922-4E85-A4C8-2C9F382E0A79}.Debug|Mixed Platforms.ActiveCfg = Debug|Any CPU
		{759BF0BB-D922-4E85-A4C8-2C9F382E0A79}.Debug|Mixed Platforms.Build.0 = Debug|Any CPU
		{759BF0BB-D922-4E85-A4C8-2C9F382E0A79}.Debug|x86.ActiveCfg = Debug|Any CPU
		{759BF0BB-D922-4E85-A4C8-2C9F382E0A79}.Release|Any CPU.ActiveCfg = Release|Any CPU
		{759BF0BB-D922-4E85-A4C8-2C9F382E0A79}.Release|Any CPU.Build.0 = Release|Any CPU
		{759BF0BB-D922-4E85-A4C8-2C9F382E0A79}.Release|Mixed Platforms.ActiveCfg = Release|Any CPU
		{759BF0BB-D922-4E85-A4C8-2C9F382E0A79}.Release|Mixed Platforms.Build.0 = Release|Any CPU
		{759BF0BB-D922-4E85-A4C8-2C9F382E0A79}.Release|x86.ActiveCfg = Release|Any CPU
		{BD103699-F540-40C3-99D7-462F53A9DABC}.Debug|Any CPU.ActiveCfg = Debug|Any CPU
		{BD103699-F540-40C3-99D7-462F53A9DABC}.Debug|Any CPU.Build.0 = Debug|Any CPU
		{BD103699-F540-40C3-99D7-462F53A9DABC}.Debug|Mixed Platforms.ActiveCfg = Debug|Any CPU
		{BD103699-F540-40C3-99D7-462F53A9DABC}.Debug|Mixed Platforms.Build.0 = Debug|Any CPU
		{BD103699-F540-40C3-99D7-462F53A9DABC}.Debug|x86.ActiveCfg = Debug|Any CPU
		{BD103699-F540-40C3-99D7-462F53A9DABC}.Release|Any CPU.ActiveCfg = Release|Any CPU
		{BD103699-F540-40C3-99D7-462F53A9DABC}.Release|Any CPU.Build.0 = Release|Any CPU
		{BD103699-F540-40C3-99D7-462F53A9DABC}.Release|Mixed Platforms.ActiveCfg = Release|Any CPU
		{BD103699-F540-40C3-99D7-462F53A9DABC}.Release|Mixed Platforms.Build.0 = Release|Any CPU
		{BD103699-F540-40C3-99D7-462F53A9DABC}.Release|x86.ActiveCfg = Release|Any CPU
		{7B1F3DC3-5DA8-4E36-A03B-837D90D2A51D}.Debug|Any CPU.ActiveCfg = Debug|Any CPU
		{7B1F3DC3-5DA8-4E36-A03B-837D90D2A51D}.Debug|Any CPU.Build.0 = Debug|Any CPU
		{7B1F3DC3-5DA8-4E36-A03B-837D90D2A51D}.Debug|Mixed Platforms.ActiveCfg = Debug|Any CPU
		{7B1F3DC3-5DA8-4E36-A03B-837D90D2A51D}.Debug|Mixed Platforms.Build.0 = Debug|Any CPU
		{7B1F3DC3-5DA8-4E36-A03B-837D90D2A51D}.Debug|x86.ActiveCfg = Debug|Any CPU
		{7B1F3DC3-5DA8-4E36-A03B-837D90D2A51D}.Release|Any CPU.ActiveCfg = Release|Any CPU
		{7B1F3DC3-5DA8-4E36-A03B-837D90D2A51D}.Release|Any CPU.Build.0 = Release|Any CPU
		{7B1F3DC3-5DA8-4E36-A03B-837D90D2A51D}.Release|Mixed Platforms.ActiveCfg = Release|Any CPU
		{7B1F3DC3-5DA8-4E36-A03B-837D90D2A51D}.Release|Mixed Platforms.Build.0 = Release|Any CPU
		{7B1F3DC3-5DA8-4E36-A03B-837D90D2A51D}.Release|x86.ActiveCfg = Release|Any CPU
	EndGlobalSection
	GlobalSection(SolutionProperties) = preSolution
		HideSolutionNode = FALSE
	EndGlobalSection
	GlobalSection(NestedProjects) = preSolution
		{759BF0BB-D922-4E85-A4C8-2C9F382E0A79} = {A44B9C7B-781B-4E2B-AA71-FA5A086A6C0F}
		{BD103699-F540-40C3-99D7-462F53A9DABC} = {A44B9C7B-781B-4E2B-AA71-FA5A086A6C0F}
		{7B1F3DC3-5DA8-4E36-A03B-837D90D2A51D} = {A44B9C7B-781B-4E2B-AA71-FA5A086A6C0F}
	EndGlobalSection
EndGlobal
